
Microsoft Visual Studio Solution File, Format Version 12.00
# Visual Studio Version 16
VisualStudioVersion = 16.0.29411.108
MinimumVisualStudioVersion = 10.0.40219.1
Project("{151D2E53-A2C4-4D7D-83FE-D05416EBD58E}") = "Quorum", "Quorum\Quorum.deployproj", "{C6C283F0-7DA0-4041-988E-08D8785369B9}"
EndProject
Global
	GlobalSection(SolutionConfigurationPlatforms) = preSolution
		Debug|Any CPU = Debug|Any CPU
		Release|Any CPU = Release|Any CPU
	EndGlobalSection
	GlobalSection(ProjectConfigurationPlatforms) = postSolution
		{C6C283F0-7DA0-4041-988E-08D8785369B9}.Debug|Any CPU.ActiveCfg = Debug|Any CPU
		{C6C283F0-7DA0-4041-988E-08D8785369B9}.Debug|Any CPU.Build.0 = Debug|Any CPU
		{C6C283F0-7DA0-4041-988E-08D8785369B9}.Release|Any CPU.ActiveCfg = Release|Any CPU
		{C6C283F0-7DA0-4041-988E-08D8785369B9}.Release|Any CPU.Build.0 = Release|Any CPU
	EndGlobalSection
	GlobalSection(SolutionProperties) = preSolution
		HideSolutionNode = FALSE
	EndGlobalSection
	GlobalSection(ExtensibilityGlobals) = postSolution
		SolutionGuid = {B8E9B3A3-D636-4845-AC3E-F0C7E5336815}
	EndGlobalSection
EndGlobal
